{
  "name": "blog",
  "version": "1.0.0",
  "lockfileVersion": 1,
  "requires": true,
  "dependencies": {
    "froala-editor": {
      "version": "3.2.1",
      "resolved": "https://registry.npmjs.org/froala-editor/-/froala-editor-3.2.1.tgz",
      "integrity": "sha512-aTsCB2FA/XYJ6s1VdzNDbC7PT6YZhjb5hC9Lj5/DBrN5eCTlXm4b9xGp2taZ+vpBKe3ElgznUpa+25nxaeL0CA=="
    }
  }
}
